// !$*UTF8*$!
{
	archiveVersion = 1;
	classes = {
	};
	objectVersion = 46;
	objects = {

/* Begin PBXBuildFile section */
		CBFA3B041F07E15D00C7FBCD /* AppDelegate.swift in Sources */ = {isa = PBXBuildFile; fileRef = CBFA3B031F07E15D00C7FBCD /* AppDelegate.swift */; };
		CBFA3B061F07E15D00C7FBCD /* ViewController.swift in Sources */ = {isa = PBXBuildFile; fileRef = CBFA3B051F07E15D00C7FBCD /* ViewController.swift */; };
		CBFA3B091F07E15D00C7FBCD /* Main.storyboard in Resources */ = {isa = PBXBuildFile; fileRef = CBFA3B071F07E15D00C7FBCD /* Main.storyboard */; };
		CBFA3B0B1F07E15D00C7FBCD /* Assets.xcassets in Resources */ = {isa = PBXBuildFile; fileRef = CBFA3B0A1F07E15D00C7FBCD /* Assets.xcassets */; };
		CBFA3B0E1F07E15D00C7FBCD /* LaunchScreen.storyboard in Resources */ = {isa = PBXBuildFile; fileRef = CBFA3B0C1F07E15D00C7FBCD /* LaunchScreen.storyboard */; };
/* End PBXBuildFile section */

/* Begin PBXFileReference section */
		CBFA3B001F07E15D00C7FBCD /* beginning.app */ = {isa = PBXFileReference; explicitFileType = wrapper.application; includeInIndex = 0; path = beginning.app; sourceTree = BUILT_PRODUCTS_DIR; };
		CBFA3B031F07E15D00C7FBCD /* AppDelegate.swift */ = {isa = PBXFileReference; lastKnownFileType = sourcecode.swift; path = AppDelegate.swift; sourceTree = "<group>"; };
		CBFA3B051F07E15D00C7FBCD /* ViewController.swift */ = {isa = PBXFileReference; lastKnownFileType = sourcecode.swift; path = ViewController.swift; sourceTree = "<group>"; };
		CBFA3B081F07E15D00C7FBCD /* Base */ = {isa = PBXFileReference; lastKnownFileType = file.storyboard; name = Base; path = Base.lproj/Main.storyboard; sourceTree = "<group>"; };
		CBFA3B0A1F07E15D00C7FBCD /* Assets.xcassets */ = {isa = PBXFileReference; lastKnownFileType = folder.assetcatalog; path = Assets.xcassets; sourceTree = "<group>"; };
		CBFA3B0D1F07E15D00C7FBCD /* Base */ = {isa = PBXFileReference; lastKnownFileType = file.storyboard; name = Base; path = Base.lproj/LaunchScreen.storyboard; sourceTree = "<group>"; };
		CBFA3B0F1F07E15D00C7FBCD /* Info.plist */ = {isa = PBXFileReference; lastKnownFileType = text.plist.xml; path = Info.plist; sourceTree = "<group>"; };
/* End PBXFileReference section */

/* Begin PBXFrameworksBuildPhase section */
		CBFA3AFD1F07E15D00C7FBCD /* Frameworks */ = {
			isa = PBXFrameworksBuildPhase;
			buildActionMask = 2147483647;
			files = (
			);
			runOnlyForDeploymentPostprocessing = 0;
		};
/* End PBXFrameworksBuildPhase section */

/* Begin PBXGroup section */
		CBFA3AF71F07E15D00C7FBCD = {
			isa = PBXGroup;
			children = (
				CBFA3B021F07E15D00C7FBCD /* beginning */,
				CBFA3B011F07E15D00C7FBCD /* Products */,
			);
			sourceTree = "<group>";
		};
		CBFA3B011F07E15D00C7FBCD /* Products */ = {
			isa = PBXGroup;
			children = (
				CBFA3B001F07E15D00C7FBCD /* beginning.app */,
			);
			name = Products;
			sourceTree = "<group>";
		};
		CBFA3B021F07E15D00C7FBCD /* beginning */ = {
			isa = PBXGroup;
			children = (
				CBFA3B031F07E15D00C7FBCD /* AppDelegate.swift */,
				CBFA3B051F07E15D00C7FBCD /* ViewController.swift */,
				CBFA3B071F07E15D00C7FBCD /* Main.storyboard */,
				CBFA3B0A1F07E15D00C7FBCD /* Assets.xcassets */,
				CBFA3B0C1F07E15D00C7FBCD /* LaunchScreen.storyboard */,
				CBFA3B0F1F07E15D00C7FBCD /* Info.plist */,
			);
			path = beginning;
			sourceTree = "<group>";
		};
/* End PBXGroup section */

/* Begin PBXNativeTarget section */
		CBFA3AFF1F07E15D00C7FBCD /* beginning */ = {
			isa = PBXNativeTarget;
			buildConfigurationList = CBFA3B121F07E15D00C7FBCD /* Build configuration list for PBXNativeTarget "beginning" */;
			buildPhases = (
				CBFA3AFC1F07E15D00C7FBCD /* Sources */,
				CBFA3AFD1F07E15D00C7FBCD /* Frameworks */,
				CBFA3AFE1F07E15D00C7FBCD /* Resources */,
			);
			buildRules = (
			);
			dependencies = (
			);
			name = beginning;
			productName = beginning;
			productReference = CBFA3B001F07E15D00C7FBCD /* beginning.app */;
			productType = "com.apple.product-type.application";
		};
/* End PBXNativeTarget section */

/* Begin PBXProject section */
		CBFA3AF81F07E15D00C7FBCD /* Project object */ = {
			isa = PBXProject;
			attributes = {
				LastSwiftUpdateCheck = 0830;
				LastUpgradeCheck = 0830;
				ORGANIZATIONNAME = Hiltonsmith;
				TargetAttributes = {
					CBFA3AFF1F07E15D00C7FBCD = {
						CreatedOnToolsVersion = 8.3.2;
						ProvisioningStyle = Automatic;
					};
				};
			};
			buildConfigurationList = CBFA3AFB1F07E15D00C7FBCD /* Build configuration list for PBXProject "beginning" */;
			compatibilityVersion = "Xcode 3.2";
			developmentRegion = English;
			hasScannedForEncodings = 0;
			knownRegions = (
				en,
				Base,
			);
			mainGroup = CBFA3AF71F07E15D00C7FBCD;
			productRefGroup = CBFA3B011F07E15D00C7FBCD /* Products */;
			projectDirPath = "";
			projectRoot = "";
			targets = (
				CBFA3AFF1F07E15D00C7FBCD /* beginning */,
			);
		};
/* End PBXProject section */

/* Begin PBXResourcesBuildPhase section */
		CBFA3AFE1F07E15D00C7FBCD /* Resources */ = {
			isa = PBXResourcesBuildPhase;
			buildActionMask = 2147483647;
			files = (
				CBFA3B0E1F07E15D00C7FBCD /* LaunchScreen.storyboard in Resources */,
				CBFA3B0B1F07E15D00C7FBCD /* Assets.xcassets in Resources */,
				CBFA3B091F07E15D00C7FBCD /* Main.storyboard in Resources */,
			);
			runOnlyForDeploymentPostprocessing = 0;
		};
/* End PBXResourcesBuildPhase section */

/* Begin PBXSourcesBuildPhase section */
		CBFA3AFC1F07E15D00C7FBCD /* Sources */ = {
			isa = PBXSourcesBuildPhase;
			buildActionMask = 2147483647;
			files = (
				CBFA3B061F07E15D00C7FBCD /* ViewController.swift in Sources */,
				CBFA3B041F07E15D00C7FBCD /* AppDelegate.swift in Sources */,
			);
			runOnlyForDeploymentPostprocessing = 0;
		};
/* End PBXSourcesBuildPhase section */

/* Begin PBXVariantGroup section */
		CBFA3B071F07E15D00C7FBCD /* Main.storyboard */ = {
			isa = PBXVariantGroup;
			children = (
				CBFA3B081F07E15D00C7FBCD /* Base */,
			);
			name = Main.storyboard;
			sourceTree = "<group>";
		};
		CBFA3B0C1F07E15D00C7FBCD /* LaunchScreen.storyboard */ = {
			isa = PBXVariantGroup;
			children = (
				CBFA3B0D1F07E15D00C7FBCD /* Base */,
			);
			name = LaunchScreen.storyboard;
			sourceTree = "<group>";
		};
/* End PBXVariantGroup section */

/* Begin XCBuildConfiguration section */
		CBFA3B101F07E15D00C7FBCD /* Debug */ = {
			isa = XCBuildConfiguration;
			buildSettings = {
				ALWAYS_SEARCH_USER_PATHS = NO;
				CLANG_ANALYZER_NONNULL = YES;
				CLANG_ANALYZER_NUMBER_OBJECT_CONVERSION = YES_AGGRESSIVE;
				CLANG_CXX_LANGUAGE_STANDARD = "gnu++0x";
				CLANG_CXX_LIBRARY = "libc++";
				CLANG_ENABLE_MODULES = YES;
				CLANG_ENABLE_OBJC_ARC = YES;
				CLANG_WARN_BOOL_CONVERSION = YES;
				CLANG_WARN_CONSTANT_CONVERSION = YES;
				CLANG_WARN_DIRECT_OBJC_ISA_USAGE = YES_ERROR;
				CLANG_WARN_DOCUMENTATION_COMMENTS = YES;
				CLANG_WARN_EMPTY_BODY = YES;
				CLANG_WARN_ENUM_CONVERSION = YES;
				CLANG_WARN_INFINITE_RECURSION = YES;
				CLANG_WARN_INT_CONVERSION = YES;
				CLANG_WARN_OBJC_ROOT_CLASS = YES_ERROR;
				CLANG_WARN_SUSPICIOUS_MOVE = YES;
				CLANG_WARN_UNREACHABLE_CODE = YES;
				CLANG_WARN__DUPLICATE_METHOD_MATCH = YES;
				"CODE_SIGN_IDENTITY[sdk=iphoneos*]" = "iPhone Developer";
				COPY_PHASE_STRIP = NO;
				DEBUG_INFORMATION_FORMAT = dwarf;
				ENABLE_STRICT_OBJC_MSGSEND = YES;
				ENABLE_TESTABILITY = YES;
				GCC_C_LANGUAGE_STANDARD = gnu99;
				GCC_DYNAMIC_NO_PIC = NO;
				GCC_NO_COMMON_BLOCKS = YES;
				GCC_OPTIMIZATION_LEVEL = 0;
				GCC_PREPROCESSOR_DEFINITIONS = (
					"DEBUG=1",
					"$(inherited)",
				);
				GCC_WARN_64_TO_32_BIT_CONVERSION = YES;
				GCC_WARN_ABOUT_RETURN_TYPE = YES_ERROR;
				GCC_WARN_UNDECLARED_SELECTOR = YES;
				GCC_WARN_UNINITIALIZED_AUTOS = YES_AGGRESSIVE;
				GCC_WARN_UNUSED_FUNCTION = YES;
				GCC_WARN_UNUSED_VARIABLE = YES;
				IPHONEOS_DEPLOYMENT_TARGET = 10.3;
				MTL_ENABLE_DEBUG_INFO = YES;
				ONLY_ACTIVE_ARCH = YES;
				SDKROOT = iphoneos;
				SWIFT_ACTIVE_COMPILATION_CONDITIONS = DEBUG;
				SWIFT_OPTIMIZATION_LEVEL = "-Onone";
				TARGETED_DEVICE_FAMILY = "1,2";
			};
			name = Debug;
		};
		CBFA3B111F07E15D00C7FBCD /* Release */ = {
			isa = XCBuildConfiguration;
			buildSettings = {
				ALWAYS_SEARCH_USER_PATHS = NO;
				CLANG_ANALYZER_NONNULL = YES;
				CLANG_ANALYZER_NUMBER_OBJECT_CONVERSION = YES_AGGRESSIVE;
				CLANG_CXX_LANGUAGE_STANDARD = "gnu++0x";
				CLANG_CXX_LIBRARY = "libc++";
				CLANG_ENABLE_MODULES = YES;
				CLANG_ENABLE_OBJC_ARC = YES;
				CLANG_WARN_BOOL_CONVERSION = YES;
				CLANG_WARN_CONSTANT_CONVERSION = YES;
				CLANG_WARN_DIRECT_OBJC_ISA_USAGE = YES_ERROR;
				CLANG_WARN_DOCUMENTATION_COMMENTS = YES;
				CLANG_WARN_EMPTY_BODY = YES;
				CLANG_WARN_ENUM_CONVERSION = YES;
				CLANG_WARN_INFINITE_RECURSION = YES;
				CLANG_WARN_INT_CONVERSION = YES;
				CLANG_WARN_OBJC_ROOT_CLASS = YES_ERROR;
				CLANG_WARN_SUSPICIOUS_MOVE = YES;
				CLANG_WARN_UNREACHABLE_CODE = YES;
				CLANG_WARN__DUPLICATE_METHOD_MATCH = YES;
				"CODE_SIGN_IDENTITY[sdk=iphoneos*]" = "iPhone Developer";
				COPY_PHASE_STRIP = NO;
				DEBUG_INFORMATION_FORMAT = "dwarf-with-dsym";
				ENABLE_NS_ASSERTIONS = NO;
				ENABLE_STRICT_OBJC_MSGSEND = YES;
				GCC_C_LANGUAGE_STANDARD = gnu99;
				GCC_NO_COMMON_BLOCKS = YES;
				GCC_WARN_64_TO_32_BIT_CONVERSION = YES;
				GCC_WARN_ABOUT_RETURN_TYPE = YES_ERROR;
				GCC_WARN_UNDECLARED_SELECTOR = YES;
				GCC_WARN_UNINITIALIZED_AUTOS = YES_AGGRESSIVE;
				GCC_WARN_UNUSED_FUNCTION = YES;
				GCC_WARN_UNUSED_VARIABLE = YES;
				IPHONEOS_DEPLOYMENT_TARGET = 10.3;
				MTL_ENABLE_DEBUG_INFO = NO;
				SDKROOT = iphoneos;
				SWIFT_OPTIMIZATION_LEVEL = "-Owholemodule";
				TARGETED_DEVICE_FAMILY = "1,2";
				VALIDATE_PRODUCT = YES;
			};
			name = Release;
		};
		CBFA3B131F07E15D00C7FBCD /* Debug */ = {
			isa = XCBuildConfiguration;
			buildSettings = {
				ASSETCATALOG_COMPILER_APPICON_NAME = AppIcon;
				INFOPLIST_FILE = beginning/Info.plist;
				LD_RUNPATH_SEARCH_PATHS = "$(inherited) @executable_path/Frameworks";
				PRODUCT_BUNDLE_IDENTIFIER = com.hiltonsmith.beginning;
				PRODUCT_NAME = "$(TARGET_NAME)";
				SWIFT_VERSION = 3.0;
			};
			name = Debug;
		};
		CBFA3B141F07E15D00C7FBCD /* Release */ = {
			isa = XCBuildConfiguration;
			buildSettings = {
				ASSETCATALOG_COMPILER_APPICON_NAME = AppIcon;
				INFOPLIST_FILE = beginning/Info.plist;
				LD_RUNPATH_SEARCH_PATHS = "$(inherited) @executable_path/Frameworks";
				PRODUCT_BUNDLE_IDENTIFIER = com.hiltonsmith.beginning;
				PRODUCT_NAME = "$(TARGET_NAME)";
				SWIFT_VERSION = 3.0;
			};
			name = Release;
		};
/* End XCBuildConfiguration section */

/* Begin XCConfigurationList section */
		CBFA3AFB1F07E15D00C7FBCD /* Build configuration list for PBXProject "beginning" */ = {
			isa = XCConfigurationList;
			buildConfigurations = (
				CBFA3B101F07E15D00C7FBCD /* Debug */,
				CBFA3B111F07E15D00C7FBCD /* Release */,
			);
			defaultConfigurationIsVisible = 0;
			defaultConfigurationName = Release;
		};
		CBFA3B121F07E15D00C7FBCD /* Build configuration list for PBXNativeTarget "beginning" */ = {
			isa = XCConfigurationList;
			buildConfigurations = (
				CBFA3B131F07E15D00C7FBCD /* Debug */,
				CBFA3B141F07E15D00C7FBCD /* Release */,
			);
			defaultConfigurationIsVisible = 0;
		};
/* End XCConfigurationList section */
	};
	rootObject = CBFA3AF81F07E15D00C7FBCD /* Project object */;
}
